<?xml version="1.0" encoding="utf-8"?>
<Project ToolsVersion="4.0" xmlns="http://schemas.microsoft.com/developer/msbuild/2003">
  <ItemGroup>
    <Filter Include="Source Files">
      <UniqueIdentifier>{36db3700-8da4-40e4-8dd6-52dac470d22e}</UniqueIdentifier>
      <Extensions>cpp;c;cxx;rc;def;r;odl;idl;hpj;bat</Extensions>
    </Filter>
    <Filter Include="Header Files">
      <UniqueIdentifier>{25e33bbf-f728-4c4e-b5fc-9ea6c99bb225}</UniqueIdentifier>
      <Extensions>h;hpp;hxx;hm;inl</Extensions>
    </Filter>
    <Filter Include="Resource Files">
      <UniqueIdentifier>{9144ac10-e958-4b46-837b-6e9aa1121761}</UniqueIdentifier>
      <Extensions>ico;cur;bmp;dlg;rc2;rct;bin;rgs;gif;jpg;jpeg;jpe</Extensions>
    </Filter>
  </ItemGroup>
  <ItemGroup>
    <ClCompile Include="..\libopenjpeg\bio.c">
      <Filter>Source Files</Filter>
    </ClCompile>
    <ClCompile Include="..\libopenjpeg\cio.c">
      <Filter>Source Files</Filter>
    </ClCompile>
    <ClCompile Include="convert.c">
      <Filter>Source Files</Filter>
    </ClCompile>
    <ClCompile Include="..\libopenjpeg\dwt.c">
      <Filter>Source Files</Filter>
    </ClCompile>
    <ClCompile Include="..\libopenjpeg\fix.c">
      <Filter>Source Files</Filter>
    </ClCompile>
    <ClCompile Include="compat\getopt.c">
      <Filter>Source Files</Filter>
    </ClCompile>
    <ClCompile Include="image_to_j2k.c">
      <Filter>Source Files</Filter>
    </ClCompile>
    <ClCompile Include="..\libopenjpeg\int.c">
      <Filter>Source Files</Filter>
    </ClCompile>
    <ClCompile Include="..\libopenjpeg\j2k.c">
      <Filter>Source Files</Filter>
    </ClCompile>
    <ClCompile Include="..\libopenjpeg\jp2.c">
      <Filter>Source Files</Filter>
    </ClCompile>
    <ClCompile Include="..\libopenjpeg\jpt.c">
      <Filter>Source Files</Filter>
    </ClCompile>
    <ClCompile Include="..\libopenjpeg\jpw.c">
      <Filter>Source Files</Filter>
    </ClCompile>
    <ClCompile Include="..\libopenjpeg\mct.c">
      <Filter>Source Files</Filter>
    </ClCompile>
    <ClCompile Include="..\libopenjpeg\mqc.c">
      <Filter>Source Files</Filter>
    </ClCompile>
    <ClCompile Include="..\libopenjpeg\pi.c">
      <Filter>Source Files</Filter>
    </ClCompile>
    <ClCompile Include="..\libopenjpeg\raw.c">
      <Filter>Source Files</Filter>
    </ClCompile>
    <ClCompile Include="..\libopenjpeg\rs.c">
      <Filter>Source Files</Filter>
    </ClCompile>
    <ClCompile Include="..\libopenjpeg\t1.c">
      <Filter>Source Files</Filter>
    </ClCompile>
    <ClCompile Include="..\libopenjpeg\t2.c">
      <Filter>Source Files</Filter>
    </ClCompile>
    <ClCompile Include="..\libopenjpeg\tcd.c">
      <Filter>Source Files</Filter>
    </ClCompile>
    <ClCompile Include="..\libopenjpeg\tgt.c">
      <Filter>Source Files</Filter>
    </ClCompile>
  </ItemGroup>
  <ItemGroup>
    <ClInclude Include="..\libopenjpeg\bio.h">
      <Filter>Header Files</Filter>
    </ClInclude>
    <ClInclude Include="..\libopenjpeg\cio.h">
      <Filter>Header Files</Filter>
    </ClInclude>
    <ClInclude Include="convert.h">
      <Filter>Header Files</Filter>
    </ClInclude>
    <ClInclude Include="..\libopenjpeg\dwt.h">
      <Filter>Header Files</Filter>
    </ClInclude>
    <ClInclude Include="..\libopenjpeg\fix.h">
      <Filter>Header Files</Filter>
    </ClInclude>
    <ClInclude Include="compat\getopt.h">
      <Filter>Header Files</Filter>
    </ClInclude>
    <ClInclude Include="..\libopenjpeg\int.h">
      <Filter>Header Files</Filter>
    </ClInclude>
    <ClInclude Include="..\libopenjpeg\j2k.h">
      <Filter>Header Files</Filter>
    </ClInclude>
    <ClInclude Include="..\libopenjpeg\jp2.h">
      <Filter>Header Files</Filter>
    </ClInclude>
    <ClInclude Include="..\libopenjpeg\jpt.h">
      <Filter>Header Files</Filter>
    </ClInclude>
    <ClInclude Include="..\libopenjpeg\jpw.h">
      <Filter>Header Files</Filter>
    </ClInclude>
    <ClInclude Include="..\libopenjpeg\mct.h">
      <Filter>Header Files</Filter>
    </ClInclude>
    <ClInclude Include="..\libopenjpeg\mqc.h">
      <Filter>Header Files</Filter>
    </ClInclude>
    <ClInclude Include="..\libopenjpeg\openjpeg.h">
      <Filter>Header Files</Filter>
    </ClInclude>
    <ClInclude Include="..\libopenjpeg\pi.h">
      <Filter>Header Files</Filter>
    </ClInclude>
    <ClInclude Include="..\libopenjpeg\raw.h">
      <Filter>Header Files</Filter>
    </ClInclude>
    <ClInclude Include="..\libopenjpeg\rs.h">
      <Filter>Header Files</Filter>
    </ClInclude>
    <ClInclude Include="..\libopenjpeg\t1.h">
      <Filter>Header Files</Filter>
    </ClInclude>
    <ClInclude Include="..\libopenjpeg\t2.h">
      <Filter>Header Files</Filter>
    </ClInclude>
    <ClInclude Include="..\libopenjpeg\tcd.h">
      <Filter>Header Files</Filter>
    </ClInclude>
    <ClInclude Include="..\libopenjpeg\tgt.h">
      <Filter>Header Files</Filter>
    </ClInclude>
  </ItemGroup>
</Project>